
Microsoft Visual Studio Solution File, Format Version 12.00
# Visual Studio Version 17
VisualStudioVersion = 17.14.36717.8 d17.14
MinimumVisualStudioVersion = 10.0.40219.1
Project("{FAE04EC0-301F-11D3-BF4B-00C04F79EFBC}") = "Airline Management System", "Airline Management System\Airline Management System.csproj", "{D7800CFF-D4C1-499D-9CA6-7B2596AB8B32}"
EndProject
Global
	GlobalSection(SolutionConfigurationPlatforms) = preSolution
		Debug|Any CPU = Debug|Any CPU
		Release|Any CPU = Release|Any CPU
	EndGlobalSection
	GlobalSection(ProjectConfigurationPlatforms) = postSolution
		{D7800CFF-D4C1-499D-9CA6-7B2596AB8B32}.Debug|Any CPU.ActiveCfg = Debug|Any CPU
		{D7800CFF-D4C1-499D-9CA6-7B2596AB8B32}.Debug|Any CPU.Build.0 = Debug|Any CPU
		{D7800CFF-D4C1-499D-9CA6-7B2596AB8B32}.Release|Any CPU.ActiveCfg = Release|Any CPU
		{D7800CFF-D4C1-499D-9CA6-7B2596AB8B32}.Release|Any CPU.Build.0 = Release|Any CPU
	EndGlobalSection
	GlobalSection(SolutionProperties) = preSolution
		HideSolutionNode = FALSE
	EndGlobalSection
	GlobalSection(ExtensibilityGlobals) = postSolution
		SolutionGuid = {23F4206E-F4AE-458E-9B28-E7CB9B21AEBD}
	EndGlobalSection
EndGlobal
